
Microsoft Visual Studio Solution File, Format Version 12.00
# Visual Studio Version 17
VisualStudioVersion = 17.13.35818.85
MinimumVisualStudioVersion = 10.0.40219.1
Project("{FAE04EC0-301F-11D3-BF4B-00C04F79EFBC}") = "DaebakRealEstate", "DaebakRealEstate\DaebakRealEstate.csproj", "{6822DF96-7A88-484E-83DD-709B1E53555E}"
EndProject
Global
	GlobalSection(SolutionConfigurationPlatforms) = preSolution
		Debug|Any CPU = Debug|Any CPU
		Release|Any CPU = Release|Any CPU
	EndGlobalSection
	GlobalSection(ProjectConfigurationPlatforms) = postSolution
		{6822DF96-7A88-484E-83DD-709B1E53555E}.Debug|Any CPU.ActiveCfg = Debug|Any CPU
		{6822DF96-7A88-484E-83DD-709B1E53555E}.Debug|Any CPU.Build.0 = Debug|Any CPU
		{6822DF96-7A88-484E-83DD-709B1E53555E}.Release|Any CPU.ActiveCfg = Release|Any CPU
		{6822DF96-7A88-484E-83DD-709B1E53555E}.Release|Any CPU.Build.0 = Release|Any CPU
	EndGlobalSection
	GlobalSection(SolutionProperties) = preSolution
		HideSolutionNode = FALSE
	EndGlobalSection
	GlobalSection(ExtensibilityGlobals) = postSolution
		SolutionGuid = {4E4FE11A-8736-426E-A27C-D1C684A9492A}
	EndGlobalSection
EndGlobal
